github.com/skkim-01/json-condition-parser v0.0.0-20210402012324-71c5e742e01b h1:+emVuoewcWfwccl3ozqF21oEBegcD8EKhyPSkLfT4fg=
github.com/skkim-01/json-condition-parser v0.0.0-20210402012324-71c5e742e01b/go.mod h1:gNTE/wU5NL6eCGEC6eKPSK3nK2TABXOum1e01rxO3rQ=
github.com/skkim-01/json-mapper v0.0.0-20210402000616-62a5e10e9d74/go.mod h1:s9yjthUdpzt6QCtGW/ey69KpdZQLF0/vbQeqms8agHI=
github.com/skkim-01/json-mapper v0.0.0-20230504052053-1e47f12e38de h1:F4eIK7KBl4iBcfVxB1JbLoIG7ZkRZYnEtYmOS1Q0IYg=
github.com/skkim-01/json-mapper v0.0.0-20230504052053-1e47f12e38de/go.mod h1:plxKCJAEyXUWLE0f5wyGnpHk4810mkj12IEq/MLDFrA=
